{
  "requires": true,
  "lockfileVersion": 1,
  "dependencies": {
    "hotkeys-js": {
      "version": "3.7.6",
      "resolved": "https://registry.npmjs.org/hotkeys-js/-/hotkeys-js-3.7.6.tgz",
      "integrity": "sha512-X5d16trjp79o+OaCn7syXu0cs+TkLYlK/teE5FhpD1Cj9ROcEIhfIQ7Mhrk761ynF3NQLbLn5xRojP2UuSqDAw=="
    },
    "react-hotkeys-hook": {
      "version": "2.1.3",
      "resolved": "https://registry.npmjs.org/react-hotkeys-hook/-/react-hotkeys-hook-2.1.3.tgz",
      "integrity": "sha512-p4cH9n4c8Ac3kkNIf6a/97sLEJq+nnhP7fpT0bHhTwByZhBDU3j5hluu00FomxE3hMzJWk4knYG5ZuUM/qVJPw==",
      "requires": {
        "hotkeys-js": "3.7.6"
      }
    }
  }
}
