{
  "requires": true,
  "lockfileVersion": 1,
  "dependencies": {
    "react-files": {
      "version": "2.4.8",
      "resolved": "https://registry.npmjs.org/react-files/-/react-files-2.4.8.tgz",
      "integrity": "sha512-ua1MT5wOT+5qHWa98UxgIA9BhtzzmsgWaacNuuLMs97U/7fhSCSXvvWjG17xGtJN/0bzmkbu04SaKApcAPd1kQ=="
    }
  }
}
